<Solution>
  <Folder Name="/Core/">
    <Project Path="Core/SummerSchool.ApplicationSystems.Core/SummerSchool.ApplicationSystems.Core.csproj" Id="080c3794-bb39-4cbe-9d27-3c52d63b6068" />
    <Project Path="Core/SummerSchool.ApplicationSystems.Shared/SummerSchool.ApplicationSystems.Shared.csproj" Id="4b15868d-22ae-41f5-8a76-cc9b57705baa" />
  </Folder>
  <Folder Name="/Presentation/">
    <Project Path="Presentation/SummerSchool.ApplicationSystems.Mvc/SummerSchool.ApplicationSystems.Mvc.csproj" Id="89709e61-36a1-4e9c-b468-6f001237e015" />
    <Project Path="Presentation/SummerSchool.ApplicationSystems.WebApi/SummerSchool.ApplicationSystems.WebApi.csproj" Id="318878f6-5980-45aa-ad18-c37e6f1a8696" />
  </Folder>
  <Folder Name="/Repository/">
    <Project Path="Repository/SummerSchool.ApplicationSystems.Repository/SummerSchool.ApplicationSystems.Repository.csproj" Id="c2278952-b853-4192-90b5-d860e52c5d13" />
  </Folder>
  <Folder Name="/Service/">
    <Project Path="Service/SummerSchool.ApplicationSystems.Service/SummerSchool.ApplicationSystems.Service.csproj" Id="8e578cae-0670-420e-a1b0-7292e3271dd7" />
  </Folder>
  <Folder Name="/Test/" />
</Solution>
